
Microsoft Visual Studio Solution File, Format Version 12.00
# Visual Studio Version 17
VisualStudioVersion = 17.0.31903.59
MinimumVisualStudioVersion = 10.0.40219.1
Project("{FAE04EC0-301F-11D3-BF4B-00C04F79EFBC}") = "AssemblyAttribute", "AssemblyAttribute.csproj", "{DBC2CCBD-A88A-4CE5-9311-7D7AE0FE9B26}"
EndProject
Global
	GlobalSection(SolutionConfigurationPlatforms) = preSolution
		Debug|Any CPU = Debug|Any CPU
		Release|Any CPU = Release|Any CPU
	EndGlobalSection
	GlobalSection(ProjectConfigurationPlatforms) = postSolution
		{DBC2CCBD-A88A-4CE5-9311-7D7AE0FE9B26}.Debug|Any CPU.ActiveCfg = Debug|Any CPU
		{DBC2CCBD-A88A-4CE5-9311-7D7AE0FE9B26}.Debug|Any CPU.Build.0 = Debug|Any CPU
		{DBC2CCBD-A88A-4CE5-9311-7D7AE0FE9B26}.Release|Any CPU.ActiveCfg = Release|Any CPU
		{DBC2CCBD-A88A-4CE5-9311-7D7AE0FE9B26}.Release|Any CPU.Build.0 = Release|Any CPU
	EndGlobalSection
	GlobalSection(SolutionProperties) = preSolution
		HideSolutionNode = FALSE
	EndGlobalSection
	GlobalSection(ExtensibilityGlobals) = postSolution
		SolutionGuid = {BDF5F222-6835-43A1-9FDB-C6F991A5E2D1}
	EndGlobalSection
EndGlobal
